
Microsoft Visual Studio Solution File, Format Version 12.00
# Visual Studio Version 17
VisualStudioVersion = 17.3.32929.385
MinimumVisualStudioVersion = 10.0.40219.1
Project("{2150E333-8FDC-42A3-9474-1A3956D46DE8}") = "Services", "Services", "{02A58531-0CB7-41BC-B38F-D98B80EEF524}"
EndProject
Project("{2150E333-8FDC-42A3-9474-1A3956D46DE8}") = "Catalog", "Catalog", "{2C211E5D-F54E-4542-81C1-0C8842AB3960}"
EndProject
Project("{9A19103F-16F7-4668-BE54-9A1E7A4F7556}") = "Course.Services.Catalog", "Services\Catalog\Course.Services.Catalog\Course.Services.Catalog.csproj", "{7B9AA1F7-902D-4E53-8BC5-A0913AD87824}"
EndProject
Project("{2150E333-8FDC-42A3-9474-1A3956D46DE8}") = "ReadMe", "ReadMe", "{4DF31170-11AD-434C-89FB-DD6FB7012C56}"
	ProjectSection(SolutionItems) = preProject
		Ports.txt = Ports.txt
		Read.txt = Read.txt
		İmportantQuestions.txt = İmportantQuestions.txt
	EndProjectSection
EndProject
Project("{2150E333-8FDC-42A3-9474-1A3956D46DE8}") = "Shared", "Shared", "{B90E1D31-D75C-43DE-BB99-823D987BF55D}"
EndProject
Project("{9A19103F-16F7-4668-BE54-9A1E7A4F7556}") = "Course.Shared", "Shared\Course.Shared\Course.Shared.csproj", "{B9594DC5-9899-44CE-8B1C-F0250CC15F91}"
EndProject
Project("{2150E333-8FDC-42A3-9474-1A3956D46DE8}") = "IdentityServer", "IdentityServer", "{42B231A9-01B2-456B-9081-A94A149F5397}"
EndProject
Project("{9A19103F-16F7-4668-BE54-9A1E7A4F7556}") = "Course.IdentityServer", "IdentityServer\Course.IdentityServer\Course.IdentityServer.csproj", "{C30E30B5-F454-4764-9E27-B6AD07DAF703}"
EndProject
Project("{2150E333-8FDC-42A3-9474-1A3956D46DE8}") = "PhotoStock", "PhotoStock", "{17DEF1F5-C031-4165-AB38-0A4CE23CCC43}"
EndProject
Project("{9A19103F-16F7-4668-BE54-9A1E7A4F7556}") = "Course.Services.PhotoStock", "Services\PhotoStock\Course.Services.PhotoStock\Course.Services.PhotoStock.csproj", "{4081D435-33E1-4BF8-B5F2-B5841BF510E1}"
EndProject
Project("{2150E333-8FDC-42A3-9474-1A3956D46DE8}") = "Basket", "Basket", "{B8D68959-541E-4025-BC6E-4FD2C573CC62}"
EndProject
Project("{9A19103F-16F7-4668-BE54-9A1E7A4F7556}") = "Course.Services.Basket", "Services\Basket\Course.Services.Catalog\Course.Services.Basket.csproj", "{825D093F-DE87-4346-8A8B-86783166C2C4}"
EndProject
Project("{2150E333-8FDC-42A3-9474-1A3956D46DE8}") = "Discount", "Discount", "{FBC9881A-D05F-4BCF-AB19-494ACF455A94}"
EndProject
Project("{9A19103F-16F7-4668-BE54-9A1E7A4F7556}") = "Course.Services.Discount", "Services\Discount\Course.Services.Discount\Course.Services.Discount.csproj", "{C897A63D-04A1-4D4C-8E7F-12D0DE62139E}"
EndProject
Project("{2150E333-8FDC-42A3-9474-1A3956D46DE8}") = "Order", "Order", "{CA1307FC-E633-493C-8C0A-EC17ABDB5770}"
EndProject
Project("{9A19103F-16F7-4668-BE54-9A1E7A4F7556}") = "Course.Services.Order.API", "Services\Order\Course.Services.Order.API\Course.Services.Order.API.csproj", "{7BA33F20-0DB0-42A9-9E54-44FCCD8F38E7}"
EndProject
Project("{9A19103F-16F7-4668-BE54-9A1E7A4F7556}") = "Course.Services.Order.Application", "Services\Order\Course.Services.Order.Application\Course.Services.Order.Application.csproj", "{2386EE74-BD88-4483-B849-915AB8EEBF6A}"
EndProject
Project("{9A19103F-16F7-4668-BE54-9A1E7A4F7556}") = "Course.Services.Order.Domain", "Services\Order\Course.Services.Order.Domain\Course.Services.Order.Domain.csproj", "{031BC99B-79DD-4592-9643-469A479CB0F8}"
EndProject
Project("{9A19103F-16F7-4668-BE54-9A1E7A4F7556}") = "Course.Services.Order.Domain.Core", "Course.Services.Order.Domain.Core\Course.Services.Order.Domain.Core.csproj", "{F6853E80-5A81-404E-B06E-0A221A6C3FC8}"
EndProject
Project("{9A19103F-16F7-4668-BE54-9A1E7A4F7556}") = "Course.Services.Order.Infrastructure", "Services\Order\Course.Services.Order.Infrastructure\Course.Services.Order.Infrastructure.csproj", "{9D57D5B2-BF6B-4CD2-8130-13455F73D168}"
EndProject
Project("{2150E333-8FDC-42A3-9474-1A3956D46DE8}") = "FakePayment", "FakePayment", "{32DE4CB8-577F-46B8-9B08-DAC44DFEFC6D}"
EndProject
Project("{FAE04EC0-301F-11D3-BF4B-00C04F79EFBC}") = "Course.Service.FakePayment", "Services\FakePayment\Course.Service.FakePayment\Course.Service.FakePayment.csproj", "{2A3D880D-CB5A-4A42-BC25-89F55C905637}"
EndProject
Global
	GlobalSection(SolutionConfigurationPlatforms) = preSolution
		Debug|Any CPU = Debug|Any CPU
		Release|Any CPU = Release|Any CPU
	EndGlobalSection
	GlobalSection(ProjectConfigurationPlatforms) = postSolution
		{7B9AA1F7-902D-4E53-8BC5-A0913AD87824}.Debug|Any CPU.ActiveCfg = Debug|Any CPU
		{7B9AA1F7-902D-4E53-8BC5-A0913AD87824}.Debug|Any CPU.Build.0 = Debug|Any CPU
		{7B9AA1F7-902D-4E53-8BC5-A0913AD87824}.Release|Any CPU.ActiveCfg = Release|Any CPU
		{7B9AA1F7-902D-4E53-8BC5-A0913AD87824}.Release|Any CPU.Build.0 = Release|Any CPU
		{B9594DC5-9899-44CE-8B1C-F0250CC15F91}.Debug|Any CPU.ActiveCfg = Debug|Any CPU
		{B9594DC5-9899-44CE-8B1C-F0250CC15F91}.Debug|Any CPU.Build.0 = Debug|Any CPU
		{B9594DC5-9899-44CE-8B1C-F0250CC15F91}.Release|Any CPU.ActiveCfg = Release|Any CPU
		{B9594DC5-9899-44CE-8B1C-F0250CC15F91}.Release|Any CPU.Build.0 = Release|Any CPU
		{C30E30B5-F454-4764-9E27-B6AD07DAF703}.Debug|Any CPU.ActiveCfg = Debug|Any CPU
		{C30E30B5-F454-4764-9E27-B6AD07DAF703}.Debug|Any CPU.Build.0 = Debug|Any CPU
		{C30E30B5-F454-4764-9E27-B6AD07DAF703}.Release|Any CPU.ActiveCfg = Release|Any CPU
		{C30E30B5-F454-4764-9E27-B6AD07DAF703}.Release|Any CPU.Build.0 = Release|Any CPU
		{4081D435-33E1-4BF8-B5F2-B5841BF510E1}.Debug|Any CPU.ActiveCfg = Debug|Any CPU
		{4081D435-33E1-4BF8-B5F2-B5841BF510E1}.Debug|Any CPU.Build.0 = Debug|Any CPU
		{4081D435-33E1-4BF8-B5F2-B5841BF510E1}.Release|Any CPU.ActiveCfg = Release|Any CPU
		{4081D435-33E1-4BF8-B5F2-B5841BF510E1}.Release|Any CPU.Build.0 = Release|Any CPU
		{825D093F-DE87-4346-8A8B-86783166C2C4}.Debug|Any CPU.ActiveCfg = Debug|Any CPU
		{825D093F-DE87-4346-8A8B-86783166C2C4}.Debug|Any CPU.Build.0 = Debug|Any CPU
		{825D093F-DE87-4346-8A8B-86783166C2C4}.Release|Any CPU.ActiveCfg = Release|Any CPU
		{825D093F-DE87-4346-8A8B-86783166C2C4}.Release|Any CPU.Build.0 = Release|Any CPU
		{C897A63D-04A1-4D4C-8E7F-12D0DE62139E}.Debug|Any CPU.ActiveCfg = Debug|Any CPU
		{C897A63D-04A1-4D4C-8E7F-12D0DE62139E}.Debug|Any CPU.Build.0 = Debug|Any CPU
		{C897A63D-04A1-4D4C-8E7F-12D0DE62139E}.Release|Any CPU.ActiveCfg = Release|Any CPU
		{C897A63D-04A1-4D4C-8E7F-12D0DE62139E}.Release|Any CPU.Build.0 = Release|Any CPU
		{7BA33F20-0DB0-42A9-9E54-44FCCD8F38E7}.Debug|Any CPU.ActiveCfg = Debug|Any CPU
		{7BA33F20-0DB0-42A9-9E54-44FCCD8F38E7}.Debug|Any CPU.Build.0 = Debug|Any CPU
		{7BA33F20-0DB0-42A9-9E54-44FCCD8F38E7}.Release|Any CPU.ActiveCfg = Release|Any CPU
		{7BA33F20-0DB0-42A9-9E54-44FCCD8F38E7}.Release|Any CPU.Build.0 = Release|Any CPU
		{2386EE74-BD88-4483-B849-915AB8EEBF6A}.Debug|Any CPU.ActiveCfg = Debug|Any CPU
		{2386EE74-BD88-4483-B849-915AB8EEBF6A}.Debug|Any CPU.Build.0 = Debug|Any CPU
		{2386EE74-BD88-4483-B849-915AB8EEBF6A}.Release|Any CPU.ActiveCfg = Release|Any CPU
		{2386EE74-BD88-4483-B849-915AB8EEBF6A}.Release|Any CPU.Build.0 = Release|Any CPU
		{031BC99B-79DD-4592-9643-469A479CB0F8}.Debug|Any CPU.ActiveCfg = Debug|Any CPU
		{031BC99B-79DD-4592-9643-469A479CB0F8}.Debug|Any CPU.Build.0 = Debug|Any CPU
		{031BC99B-79DD-4592-9643-469A479CB0F8}.Release|Any CPU.ActiveCfg = Release|Any CPU
		{031BC99B-79DD-4592-9643-469A479CB0F8}.Release|Any CPU.Build.0 = Release|Any CPU
		{F6853E80-5A81-404E-B06E-0A221A6C3FC8}.Debug|Any CPU.ActiveCfg = Debug|Any CPU
		{F6853E80-5A81-404E-B06E-0A221A6C3FC8}.Debug|Any CPU.Build.0 = Debug|Any CPU
		{F6853E80-5A81-404E-B06E-0A221A6C3FC8}.Release|Any CPU.ActiveCfg = Release|Any CPU
		{F6853E80-5A81-404E-B06E-0A221A6C3FC8}.Release|Any CPU.Build.0 = Release|Any CPU
		{9D57D5B2-BF6B-4CD2-8130-13455F73D168}.Debug|Any CPU.ActiveCfg = Debug|Any CPU
		{9D57D5B2-BF6B-4CD2-8130-13455F73D168}.Debug|Any CPU.Build.0 = Debug|Any CPU
		{9D57D5B2-BF6B-4CD2-8130-13455F73D168}.Release|Any CPU.ActiveCfg = Release|Any CPU
		{9D57D5B2-BF6B-4CD2-8130-13455F73D168}.Release|Any CPU.Build.0 = Release|Any CPU
		{2A3D880D-CB5A-4A42-BC25-89F55C905637}.Debug|Any CPU.ActiveCfg = Debug|Any CPU
		{2A3D880D-CB5A-4A42-BC25-89F55C905637}.Debug|Any CPU.Build.0 = Debug|Any CPU
		{2A3D880D-CB5A-4A42-BC25-89F55C905637}.Release|Any CPU.ActiveCfg = Release|Any CPU
		{2A3D880D-CB5A-4A42-BC25-89F55C905637}.Release|Any CPU.Build.0 = Release|Any CPU
	EndGlobalSection
	GlobalSection(SolutionProperties) = preSolution
		HideSolutionNode = FALSE
	EndGlobalSection
	GlobalSection(NestedProjects) = preSolution
		{2C211E5D-F54E-4542-81C1-0C8842AB3960} = {02A58531-0CB7-41BC-B38F-D98B80EEF524}
		{7B9AA1F7-902D-4E53-8BC5-A0913AD87824} = {2C211E5D-F54E-4542-81C1-0C8842AB3960}
		{B9594DC5-9899-44CE-8B1C-F0250CC15F91} = {B90E1D31-D75C-43DE-BB99-823D987BF55D}
		{C30E30B5-F454-4764-9E27-B6AD07DAF703} = {42B231A9-01B2-456B-9081-A94A149F5397}
		{17DEF1F5-C031-4165-AB38-0A4CE23CCC43} = {02A58531-0CB7-41BC-B38F-D98B80EEF524}
		{4081D435-33E1-4BF8-B5F2-B5841BF510E1} = {17DEF1F5-C031-4165-AB38-0A4CE23CCC43}
		{B8D68959-541E-4025-BC6E-4FD2C573CC62} = {02A58531-0CB7-41BC-B38F-D98B80EEF524}
		{825D093F-DE87-4346-8A8B-86783166C2C4} = {B8D68959-541E-4025-BC6E-4FD2C573CC62}
		{FBC9881A-D05F-4BCF-AB19-494ACF455A94} = {02A58531-0CB7-41BC-B38F-D98B80EEF524}
		{C897A63D-04A1-4D4C-8E7F-12D0DE62139E} = {FBC9881A-D05F-4BCF-AB19-494ACF455A94}
		{CA1307FC-E633-493C-8C0A-EC17ABDB5770} = {02A58531-0CB7-41BC-B38F-D98B80EEF524}
		{7BA33F20-0DB0-42A9-9E54-44FCCD8F38E7} = {CA1307FC-E633-493C-8C0A-EC17ABDB5770}
		{2386EE74-BD88-4483-B849-915AB8EEBF6A} = {CA1307FC-E633-493C-8C0A-EC17ABDB5770}
		{031BC99B-79DD-4592-9643-469A479CB0F8} = {CA1307FC-E633-493C-8C0A-EC17ABDB5770}
		{F6853E80-5A81-404E-B06E-0A221A6C3FC8} = {CA1307FC-E633-493C-8C0A-EC17ABDB5770}
		{9D57D5B2-BF6B-4CD2-8130-13455F73D168} = {CA1307FC-E633-493C-8C0A-EC17ABDB5770}
		{32DE4CB8-577F-46B8-9B08-DAC44DFEFC6D} = {02A58531-0CB7-41BC-B38F-D98B80EEF524}
		{2A3D880D-CB5A-4A42-BC25-89F55C905637} = {32DE4CB8-577F-46B8-9B08-DAC44DFEFC6D}
	EndGlobalSection
	GlobalSection(ExtensibilityGlobals) = postSolution
		SolutionGuid = {39213EE2-E11D-4EB6-9887-64AEA268F6B4}
	EndGlobalSection
EndGlobal
